
Microsoft Visual Studio Solution File, Format Version 12.00
# Visual Studio Version 17
VisualStudioVersion = 17.11.35017.193
MinimumVisualStudioVersion = 10.0.40219.1
Project("{9A19103F-16F7-4668-BE54-9A1E7A4F7556}") = "DeliveryApp", "DeliveryApp\DeliveryApp.csproj", "{FA15F57D-6CFE-4A33-BB18-92926106515C}"
EndProject
Global
	GlobalSection(SolutionConfigurationPlatforms) = preSolution
		Debug|Any CPU = Debug|Any CPU
		Release|Any CPU = Release|Any CPU
	EndGlobalSection
	GlobalSection(ProjectConfigurationPlatforms) = postSolution
		{FA15F57D-6CFE-4A33-BB18-92926106515C}.Debug|Any CPU.ActiveCfg = Debug|Any CPU
		{FA15F57D-6CFE-4A33-BB18-92926106515C}.Debug|Any CPU.Build.0 = Debug|Any CPU
		{FA15F57D-6CFE-4A33-BB18-92926106515C}.Release|Any CPU.ActiveCfg = Release|Any CPU
		{FA15F57D-6CFE-4A33-BB18-92926106515C}.Release|Any CPU.Build.0 = Release|Any CPU
	EndGlobalSection
	GlobalSection(SolutionProperties) = preSolution
		HideSolutionNode = FALSE
	EndGlobalSection
	GlobalSection(ExtensibilityGlobals) = postSolution
		SolutionGuid = {BE84A057-9646-4523-8F4D-2414FBC5D87B}
	EndGlobalSection
EndGlobal
